
Microsoft Visual Studio Solution File, Format Version 12.00
# Visual Studio 2012
Project("{FAE04EC0-301F-11D3-BF4B-00C04F79EFBC}") = "PrivateZone.Core", "PrivateZone.Core\PrivateZone.Core.csproj", "{9221FB22-720F-4422-A486-AFB7390AAA80}"
EndProject
Project("{FAE04EC0-301F-11D3-BF4B-00C04F79EFBC}") = "PrivateZone.Data", "PrivateZone.Data\PrivateZone.Data.csproj", "{EC444A55-0708-4E4A-9FE0-F90964C66366}"
EndProject
Project("{FAE04EC0-301F-11D3-BF4B-00C04F79EFBC}") = "PrivateZone.Tests", "PrivateZone.Tests\PrivateZone.Tests.csproj", "{B522673B-46ED-4574-9E44-DF71B620109F}"
EndProject
Project("{2150E333-8FDC-42A3-9474-1A3956D46DE8}") = "Common", "Common", "{0B5C88DF-546B-4704-AF9C-29BC5BB73D63}"
EndProject
Project("{FAE04EC0-301F-11D3-BF4B-00C04F79EFBC}") = "PrivateZone.Web", "PrivateZone.Web\PrivateZone.Web.csproj", "{1F2E0FB9-BB6F-4218-9C94-C97F45200E65}"
EndProject
Project("{2150E333-8FDC-42A3-9474-1A3956D46DE8}") = "Tests", "Tests", "{A6A4EA01-0288-442D-AD01-8E2F53316FC2}"
EndProject
Global
	GlobalSection(SolutionConfigurationPlatforms) = preSolution
		Debug|Any CPU = Debug|Any CPU
		Release|Any CPU = Release|Any CPU
	EndGlobalSection
	GlobalSection(ProjectConfigurationPlatforms) = postSolution
		{9221FB22-720F-4422-A486-AFB7390AAA80}.Debug|Any CPU.ActiveCfg = Debug|Any CPU
		{9221FB22-720F-4422-A486-AFB7390AAA80}.Debug|Any CPU.Build.0 = Debug|Any CPU
		{9221FB22-720F-4422-A486-AFB7390AAA80}.Release|Any CPU.ActiveCfg = Release|Any CPU
		{9221FB22-720F-4422-A486-AFB7390AAA80}.Release|Any CPU.Build.0 = Release|Any CPU
		{EC444A55-0708-4E4A-9FE0-F90964C66366}.Debug|Any CPU.ActiveCfg = Debug|Any CPU
		{EC444A55-0708-4E4A-9FE0-F90964C66366}.Debug|Any CPU.Build.0 = Debug|Any CPU
		{EC444A55-0708-4E4A-9FE0-F90964C66366}.Release|Any CPU.ActiveCfg = Release|Any CPU
		{EC444A55-0708-4E4A-9FE0-F90964C66366}.Release|Any CPU.Build.0 = Release|Any CPU
		{B522673B-46ED-4574-9E44-DF71B620109F}.Debug|Any CPU.ActiveCfg = Debug|Any CPU
		{B522673B-46ED-4574-9E44-DF71B620109F}.Debug|Any CPU.Build.0 = Debug|Any CPU
		{B522673B-46ED-4574-9E44-DF71B620109F}.Release|Any CPU.ActiveCfg = Release|Any CPU
		{B522673B-46ED-4574-9E44-DF71B620109F}.Release|Any CPU.Build.0 = Release|Any CPU
		{1F2E0FB9-BB6F-4218-9C94-C97F45200E65}.Debug|Any CPU.ActiveCfg = Debug|Any CPU
		{1F2E0FB9-BB6F-4218-9C94-C97F45200E65}.Debug|Any CPU.Build.0 = Debug|Any CPU
		{1F2E0FB9-BB6F-4218-9C94-C97F45200E65}.Release|Any CPU.ActiveCfg = Release|Any CPU
		{1F2E0FB9-BB6F-4218-9C94-C97F45200E65}.Release|Any CPU.Build.0 = Release|Any CPU
	EndGlobalSection
	GlobalSection(SolutionProperties) = preSolution
		HideSolutionNode = FALSE
	EndGlobalSection
	GlobalSection(NestedProjects) = preSolution
		{B522673B-46ED-4574-9E44-DF71B620109F} = {A6A4EA01-0288-442D-AD01-8E2F53316FC2}
	EndGlobalSection
EndGlobal
